// !$*UTF8*$!
{
	archiveVersion = 1;
	classes = {
	};
	objectVersion = 46;
	objects = {

/* Begin PBXBuildFile section */
		63BC132F1CDC663F005C5A1D /* AppDelegate.swift in Sources */ = {isa = PBXBuildFile; fileRef = 63BC132E1CDC663F005C5A1D /* AppDelegate.swift */; };
		63BC13311CDC663F005C5A1D /* ViewController.swift in Sources */ = {isa = PBXBuildFile; fileRef = 63BC13301CDC663F005C5A1D /* ViewController.swift */; };
		63BC13341CDC663F005C5A1D /* Main.storyboard in Resources */ = {isa = PBXBuildFile; fileRef = 63BC13321CDC663F005C5A1D /* Main.storyboard */; };
		63BC13361CDC663F005C5A1D /* Assets.xcassets in Resources */ = {isa = PBXBuildFile; fileRef = 63BC13351CDC663F005C5A1D /* Assets.xcassets */; };
		63BC13391CDC663F005C5A1D /* LaunchScreen.storyboard in Resources */ = {isa = PBXBuildFile; fileRef = 63BC13371CDC663F005C5A1D /* LaunchScreen.storyboard */; };
/* End PBXBuildFile section */

/* Begin PBXFileReference section */
		63BC132B1CDC663F005C5A1D /* Prueba 1.app */ = {isa = PBXFileReference; explicitFileType = wrapper.application; includeInIndex = 0; path = "Prueba 1.app"; sourceTree = BUILT_PRODUCTS_DIR; };
		63BC132E1CDC663F005C5A1D /* AppDelegate.swift */ = {isa = PBXFileReference; lastKnownFileType = sourcecode.swift; path = AppDelegate.swift; sourceTree = "<group>"; };
		63BC13301CDC663F005C5A1D /* ViewController.swift */ = {isa = PBXFileReference; lastKnownFileType = sourcecode.swift; path = ViewController.swift; sourceTree = "<group>"; };
		63BC13331CDC663F005C5A1D /* Base */ = {isa = PBXFileReference; lastKnownFileType = file.storyboard; name = Base; path = Base.lproj/Main.storyboard; sourceTree = "<group>"; };
		63BC13351CDC663F005C5A1D /* Assets.xcassets */ = {isa = PBXFileReference; lastKnownFileType = folder.assetcatalog; path = Assets.xcassets; sourceTree = "<group>"; };
		63BC13381CDC663F005C5A1D /* Base */ = {isa = PBXFileReference; lastKnownFileType = file.storyboard; name = Base; path = Base.lproj/LaunchScreen.storyboard; sourceTree = "<group>"; };
		63BC133A1CDC663F005C5A1D /* Info.plist */ = {isa = PBXFileReference; lastKnownFileType = text.plist.xml; path = Info.plist; sourceTree = "<group>"; };
/* End PBXFileReference section */

/* Begin PBXFrameworksBuildPhase section */
		63BC13281CDC663F005C5A1D /* Frameworks */ = {
			isa = PBXFrameworksBuildPhase;
			buildActionMask = 2147483647;
			files = (
			);
			runOnlyForDeploymentPostprocessing = 0;
		};
/* End PBXFrameworksBuildPhase section */

/* Begin PBXGroup section */
		63BC13221CDC663F005C5A1D = {
			isa = PBXGroup;
			children = (
				63BC132D1CDC663F005C5A1D /* Prueba 1 */,
				63BC132C1CDC663F005C5A1D /* Products */,
			);
			sourceTree = "<group>";
		};
		63BC132C1CDC663F005C5A1D /* Products */ = {
			isa = PBXGroup;
			children = (
				63BC132B1CDC663F005C5A1D /* Prueba 1.app */,
			);
			name = Products;
			sourceTree = "<group>";
		};
		63BC132D1CDC663F005C5A1D /* Prueba 1 */ = {
			isa = PBXGroup;
			children = (
				63BC132E1CDC663F005C5A1D /* AppDelegate.swift */,
				63BC13301CDC663F005C5A1D /* ViewController.swift */,
				63BC13321CDC663F005C5A1D /* Main.storyboard */,
				63BC13351CDC663F005C5A1D /* Assets.xcassets */,
				63BC13371CDC663F005C5A1D /* LaunchScreen.storyboard */,
				63BC133A1CDC663F005C5A1D /* Info.plist */,
			);
			path = "Prueba 1";
			sourceTree = "<group>";
		};
/* End PBXGroup section */

/* Begin PBXNativeTarget section */
		63BC132A1CDC663F005C5A1D /* Prueba 1 */ = {
			isa = PBXNativeTarget;
			buildConfigurationList = 63BC133D1CDC663F005C5A1D /* Build configuration list for PBXNativeTarget "Prueba 1" */;
			buildPhases = (
				63BC13271CDC663F005C5A1D /* Sources */,
				63BC13281CDC663F005C5A1D /* Frameworks */,
				63BC13291CDC663F005C5A1D /* Resources */,
			);
			buildRules = (
			);
			dependencies = (
			);
			name = "Prueba 1";
			productName = "Prueba 1";
			productReference = 63BC132B1CDC663F005C5A1D /* Prueba 1.app */;
			productType = "com.apple.product-type.application";
		};
/* End PBXNativeTarget section */

/* Begin PBXProject section */
		63BC13231CDC663F005C5A1D /* Project object */ = {
			isa = PBXProject;
			attributes = {
				LastSwiftUpdateCheck = 0730;
				LastUpgradeCheck = 0730;
				ORGANIZATIONNAME = HD;
				TargetAttributes = {
					63BC132A1CDC663F005C5A1D = {
						CreatedOnToolsVersion = 7.3;
					};
				};
			};
			buildConfigurationList = 63BC13261CDC663F005C5A1D /* Build configuration list for PBXProject "Prueba 1" */;
			compatibilityVersion = "Xcode 3.2";
			developmentRegion = English;
			hasScannedForEncodings = 0;
			knownRegions = (
				en,
				Base,
			);
			mainGroup = 63BC13221CDC663F005C5A1D;
			productRefGroup = 63BC132C1CDC663F005C5A1D /* Products */;
			projectDirPath = "";
			projectRoot = "";
			targets = (
				63BC132A1CDC663F005C5A1D /* Prueba 1 */,
			);
		};
/* End PBXProject section */

/* Begin PBXResourcesBuildPhase section */
		63BC13291CDC663F005C5A1D /* Resources */ = {
			isa = PBXResourcesBuildPhase;
			buildActionMask = 2147483647;
			files = (
				63BC13391CDC663F005C5A1D /* LaunchScreen.storyboard in Resources */,
				63BC13361CDC663F005C5A1D /* Assets.xcassets in Resources */,
				63BC13341CDC663F005C5A1D /* Main.storyboard in Resources */,
			);
			runOnlyForDeploymentPostprocessing = 0;
		};
/* End PBXResourcesBuildPhase section */

/* Begin PBXSourcesBuildPhase section */
		63BC13271CDC663F005C5A1D /* Sources */ = {
			isa = PBXSourcesBuildPhase;
			buildActionMask = 2147483647;
			files = (
				63BC13311CDC663F005C5A1D /* ViewController.swift in Sources */,
				63BC132F1CDC663F005C5A1D /* AppDelegate.swift in Sources */,
			);
			runOnlyForDeploymentPostprocessing = 0;
		};
/* End PBXSourcesBuildPhase section */

/* Begin PBXVariantGroup section */
		63BC13321CDC663F005C5A1D /* Main.storyboard */ = {
			isa = PBXVariantGroup;
			children = (
				63BC13331CDC663F005C5A1D /* Base */,
			);
			name = Main.storyboard;
			sourceTree = "<group>";
		};
		63BC13371CDC663F005C5A1D /* LaunchScreen.storyboard */ = {
			isa = PBXVariantGroup;
			children = (
				63BC13381CDC663F005C5A1D /* Base */,
			);
			name = LaunchScreen.storyboard;
			sourceTree = "<group>";
		};
/* End PBXVariantGroup section */

/* Begin XCBuildConfiguration section */
		63BC133B1CDC663F005C5A1D /* Debug */ = {
			isa = XCBuildConfiguration;
			buildSettings = {
				ALWAYS_SEARCH_USER_PATHS = NO;
				CLANG_ANALYZER_NONNULL = YES;
				CLANG_CXX_LANGUAGE_STANDARD = "gnu++0x";
				CLANG_CXX_LIBRARY = "libc++";
				CLANG_ENABLE_MODULES = YES;
				CLANG_ENABLE_OBJC_ARC = YES;
				CLANG_WARN_BOOL_CONVERSION = YES;
				CLANG_WARN_CONSTANT_CONVERSION = YES;
				CLANG_WARN_DIRECT_OBJC_ISA_USAGE = YES_ERROR;
				CLANG_WARN_EMPTY_BODY = YES;
				CLANG_WARN_ENUM_CONVERSION = YES;
				CLANG_WARN_INT_CONVERSION = YES;
				CLANG_WARN_OBJC_ROOT_CLASS = YES_ERROR;
				CLANG_WARN_UNREACHABLE_CODE = YES;
				CLANG_WARN__DUPLICATE_METHOD_MATCH = YES;
				"CODE_SIGN_IDENTITY[sdk=iphoneos*]" = "iPhone Developer";
				COPY_PHASE_STRIP = NO;
				DEBUG_INFORMATION_FORMAT = dwarf;
				ENABLE_STRICT_OBJC_MSGSEND = YES;
				ENABLE_TESTABILITY = YES;
				GCC_C_LANGUAGE_STANDARD = gnu99;
				GCC_DYNAMIC_NO_PIC = NO;
				GCC_NO_COMMON_BLOCKS = YES;
				GCC_OPTIMIZATION_LEVEL = 0;
				GCC_PREPROCESSOR_DEFINITIONS = (
					"DEBUG=1",
					"$(inherited)",
				);
				GCC_WARN_64_TO_32_BIT_CONVERSION = YES;
				GCC_WARN_ABOUT_RETURN_TYPE = YES_ERROR;
				GCC_WARN_UNDECLARED_SELECTOR = YES;
				GCC_WARN_UNINITIALIZED_AUTOS = YES_AGGRESSIVE;
				GCC_WARN_UNUSED_FUNCTION = YES;
				GCC_WARN_UNUSED_VARIABLE = YES;
				IPHONEOS_DEPLOYMENT_TARGET = 9.3;
				MTL_ENABLE_DEBUG_INFO = YES;
				ONLY_ACTIVE_ARCH = YES;
				SDKROOT = iphoneos;
				SWIFT_OPTIMIZATION_LEVEL = "-Onone";
				TARGETED_DEVICE_FAMILY = "1,2";
			};
			name = Debug;
		};
		63BC133C1CDC663F005C5A1D /* Release */ = {
			isa = XCBuildConfiguration;
			buildSettings = {
				ALWAYS_SEARCH_USER_PATHS = NO;
				CLANG_ANALYZER_NONNULL = YES;
				CLANG_CXX_LANGUAGE_STANDARD = "gnu++0x";
				CLANG_CXX_LIBRARY = "libc++";
				CLANG_ENABLE_MODULES = YES;
				CLANG_ENABLE_OBJC_ARC = YES;
				CLANG_WARN_BOOL_CONVERSION = YES;
				CLANG_WARN_CONSTANT_CONVERSION = YES;
				CLANG_WARN_DIRECT_OBJC_ISA_USAGE = YES_ERROR;
				CLANG_WARN_EMPTY_BODY = YES;
				CLANG_WARN_ENUM_CONVERSION = YES;
				CLANG_WARN_INT_CONVERSION = YES;
				CLANG_WARN_OBJC_ROOT_CLASS = YES_ERROR;
				CLANG_WARN_UNREACHABLE_CODE = YES;
				CLANG_WARN__DUPLICATE_METHOD_MATCH = YES;
				"CODE_SIGN_IDENTITY[sdk=iphoneos*]" = "iPhone Developer";
				COPY_PHASE_STRIP = NO;
				DEBUG_INFORMATION_FORMAT = "dwarf-with-dsym";
				ENABLE_NS_ASSERTIONS = NO;
				ENABLE_STRICT_OBJC_MSGSEND = YES;
				GCC_C_LANGUAGE_STANDARD = gnu99;
				GCC_NO_COMMON_BLOCKS = YES;
				GCC_WARN_64_TO_32_BIT_CONVERSION = YES;
				GCC_WARN_ABOUT_RETURN_TYPE = YES_ERROR;
				GCC_WARN_UNDECLARED_SELECTOR = YES;
				GCC_WARN_UNINITIALIZED_AUTOS = YES_AGGRESSIVE;
				GCC_WARN_UNUSED_FUNCTION = YES;
				GCC_WARN_UNUSED_VARIABLE = YES;
				IPHONEOS_DEPLOYMENT_TARGET = 9.3;
				MTL_ENABLE_DEBUG_INFO = NO;
				SDKROOT = iphoneos;
				TARGETED_DEVICE_FAMILY = "1,2";
				VALIDATE_PRODUCT = YES;
			};
			name = Release;
		};
		63BC133E1CDC663F005C5A1D /* Debug */ = {
			isa = XCBuildConfiguration;
			buildSettings = {
				ASSETCATALOG_COMPILER_APPICON_NAME = AppIcon;
				INFOPLIST_FILE = "Prueba 1/Info.plist";
				LD_RUNPATH_SEARCH_PATHS = "$(inherited) @executable_path/Frameworks";
				PRODUCT_BUNDLE_IDENTIFIER = "com.hd.Prueba-1";
				PRODUCT_NAME = "$(TARGET_NAME)";
			};
			name = Debug;
		};
		63BC133F1CDC663F005C5A1D /* Release */ = {
			isa = XCBuildConfiguration;
			buildSettings = {
				ASSETCATALOG_COMPILER_APPICON_NAME = AppIcon;
				INFOPLIST_FILE = "Prueba 1/Info.plist";
				LD_RUNPATH_SEARCH_PATHS = "$(inherited) @executable_path/Frameworks";
				PRODUCT_BUNDLE_IDENTIFIER = "com.hd.Prueba-1";
				PRODUCT_NAME = "$(TARGET_NAME)";
			};
			name = Release;
		};
/* End XCBuildConfiguration section */

/* Begin XCConfigurationList section */
		63BC13261CDC663F005C5A1D /* Build configuration list for PBXProject "Prueba 1" */ = {
			isa = XCConfigurationList;
			buildConfigurations = (
				63BC133B1CDC663F005C5A1D /* Debug */,
				63BC133C1CDC663F005C5A1D /* Release */,
			);
			defaultConfigurationIsVisible = 0;
			defaultConfigurationName = Release;
		};
		63BC133D1CDC663F005C5A1D /* Build configuration list for PBXNativeTarget "Prueba 1" */ = {
			isa = XCConfigurationList;
			buildConfigurations = (
				63BC133E1CDC663F005C5A1D /* Debug */,
				63BC133F1CDC663F005C5A1D /* Release */,
			);
			defaultConfigurationIsVisible = 0;
		};
/* End XCConfigurationList section */
	};
	rootObject = 63BC13231CDC663F005C5A1D /* Project object */;
}
